
Microsoft Visual Studio Solution File, Format Version 12.00
# Visual Studio Version 17
VisualStudioVersion = 17.2.32616.157
MinimumVisualStudioVersion = 10.0.40219.1
Project("{FAE04EC0-301F-11D3-BF4B-00C04F79EFBC}") = "X and O game", "X and O game\X and O game.csproj", "{06C05196-EFD6-4B57-9F89-182907AB17BB}"
EndProject
Global
	GlobalSection(SolutionConfigurationPlatforms) = preSolution
		Debug|Any CPU = Debug|Any CPU
		Release|Any CPU = Release|Any CPU
	EndGlobalSection
	GlobalSection(ProjectConfigurationPlatforms) = postSolution
		{06C05196-EFD6-4B57-9F89-182907AB17BB}.Debug|Any CPU.ActiveCfg = Debug|Any CPU
		{06C05196-EFD6-4B57-9F89-182907AB17BB}.Debug|Any CPU.Build.0 = Debug|Any CPU
		{06C05196-EFD6-4B57-9F89-182907AB17BB}.Release|Any CPU.ActiveCfg = Release|Any CPU
		{06C05196-EFD6-4B57-9F89-182907AB17BB}.Release|Any CPU.Build.0 = Release|Any CPU
	EndGlobalSection
	GlobalSection(SolutionProperties) = preSolution
		HideSolutionNode = FALSE
	EndGlobalSection
	GlobalSection(ExtensibilityGlobals) = postSolution
		SolutionGuid = {F5529203-5456-42FD-B0D8-D5572364DF55}
	EndGlobalSection
EndGlobal
